
Microsoft Visual Studio Solution File, Format Version 12.00
# Visual Studio Version 17
VisualStudioVersion = 17.8.34309.116
MinimumVisualStudioVersion = 10.0.40219.1
Project("{FAE04EC0-301F-11D3-BF4B-00C04F79EFBC}") = "mkshim", "mkshim.csproj", "{7DDABB09-9DA0-4011-8340-D377966E5734}"
EndProject
Project("{2150E333-8FDC-42A3-9474-1A3956D46DE8}") = "Tests", "Tests", "{86571B60-69FE-41AB-AE52-BE1C0F0E52E1}"
EndProject
Project("{FAE04EC0-301F-11D3-BF4B-00C04F79EFBC}") = "mkshim.tests", "..\tests\CLITests\mkshim.tests.csproj", "{DA2624F2-9B34-4EEA-A5A5-B3C0C3743EB3}"
	ProjectSection(ProjectDependencies) = postProject
		{AA9BC130-0519-415F-856C-2B06897F5A99} = {AA9BC130-0519-415F-856C-2B06897F5A99}
	EndProjectSection
EndProject
Project("{FAE04EC0-301F-11D3-BF4B-00C04F79EFBC}") = "TargetApp", "..\tests\TestTargetApp\TargetApp.csproj", "{AA9BC130-0519-415F-856C-2B06897F5A99}"
EndProject
Global
	GlobalSection(SolutionConfigurationPlatforms) = preSolution
		Debug|Any CPU = Debug|Any CPU
		Release|Any CPU = Release|Any CPU
	EndGlobalSection
	GlobalSection(ProjectConfigurationPlatforms) = postSolution
		{7DDABB09-9DA0-4011-8340-D377966E5734}.Debug|Any CPU.ActiveCfg = Debug|Any CPU
		{7DDABB09-9DA0-4011-8340-D377966E5734}.Debug|Any CPU.Build.0 = Debug|Any CPU
		{7DDABB09-9DA0-4011-8340-D377966E5734}.Release|Any CPU.ActiveCfg = Release|Any CPU
		{7DDABB09-9DA0-4011-8340-D377966E5734}.Release|Any CPU.Build.0 = Release|Any CPU
		{DA2624F2-9B34-4EEA-A5A5-B3C0C3743EB3}.Debug|Any CPU.ActiveCfg = Debug|Any CPU
		{DA2624F2-9B34-4EEA-A5A5-B3C0C3743EB3}.Debug|Any CPU.Build.0 = Debug|Any CPU
		{DA2624F2-9B34-4EEA-A5A5-B3C0C3743EB3}.Release|Any CPU.ActiveCfg = Release|Any CPU
		{DA2624F2-9B34-4EEA-A5A5-B3C0C3743EB3}.Release|Any CPU.Build.0 = Release|Any CPU
		{AA9BC130-0519-415F-856C-2B06897F5A99}.Debug|Any CPU.ActiveCfg = Debug|Any CPU
		{AA9BC130-0519-415F-856C-2B06897F5A99}.Debug|Any CPU.Build.0 = Debug|Any CPU
		{AA9BC130-0519-415F-856C-2B06897F5A99}.Release|Any CPU.ActiveCfg = Release|Any CPU
		{AA9BC130-0519-415F-856C-2B06897F5A99}.Release|Any CPU.Build.0 = Release|Any CPU
	EndGlobalSection
	GlobalSection(SolutionProperties) = preSolution
		HideSolutionNode = FALSE
	EndGlobalSection
	GlobalSection(NestedProjects) = preSolution
		{DA2624F2-9B34-4EEA-A5A5-B3C0C3743EB3} = {86571B60-69FE-41AB-AE52-BE1C0F0E52E1}
		{AA9BC130-0519-415F-856C-2B06897F5A99} = {86571B60-69FE-41AB-AE52-BE1C0F0E52E1}
	EndGlobalSection
	GlobalSection(ExtensibilityGlobals) = postSolution
		SolutionGuid = {F6AA2EA0-A31F-421B-822E-4B112FE69EC5}
	EndGlobalSection
EndGlobal
